
Microsoft Visual Studio Solution File, Format Version 12.00
# Visual Studio Version 17
VisualStudioVersion = 17.4.33213.308
MinimumVisualStudioVersion = 10.0.40219.1
Project("{FAE04EC0-301F-11D3-BF4B-00C04F79EFBC}") = "ApiApplicationProject", "ApiApplicationProject\ApiApplicationProject.csproj", "{19CB4FE8-1F5F-435A-9B72-1BADD0A98D16}"
EndProject
Global
	GlobalSection(SolutionConfigurationPlatforms) = preSolution
		Debug|Any CPU = Debug|Any CPU
		Release|Any CPU = Release|Any CPU
	EndGlobalSection
	GlobalSection(ProjectConfigurationPlatforms) = postSolution
		{19CB4FE8-1F5F-435A-9B72-1BADD0A98D16}.Debug|Any CPU.ActiveCfg = Debug|Any CPU
		{19CB4FE8-1F5F-435A-9B72-1BADD0A98D16}.Debug|Any CPU.Build.0 = Debug|Any CPU
		{19CB4FE8-1F5F-435A-9B72-1BADD0A98D16}.Release|Any CPU.ActiveCfg = Release|Any CPU
		{19CB4FE8-1F5F-435A-9B72-1BADD0A98D16}.Release|Any CPU.Build.0 = Release|Any CPU
	EndGlobalSection
	GlobalSection(SolutionProperties) = preSolution
		HideSolutionNode = FALSE
	EndGlobalSection
	GlobalSection(ExtensibilityGlobals) = postSolution
		SolutionGuid = {1E8FA49F-155B-4CB9-BD5A-F2A513F58BCD}
	EndGlobalSection
EndGlobal
